Microsoft Visual Studio Solution File, Format Version 12.00
# Visual Studio Version 17
VisualStudioVersion = 17.13.35828.75
MinimumVisualStudioVersion = 10.0.40219.1
Project("{FAE04EC0-301F-11D3-BF4B-00C04F79EFBC}") = "TaskTracker", "TaskTracker\TaskTracker.csproj", "{6125611A-5555-49F4-801C-CE3D414457E4}"
EndProject
Project("{FAE04EC0-301F-11D3-BF4B-00C04F79EFBC}") = "TaskTrackerTests", "TaskTrackerTests\TaskTrackerTests.csproj", "{EB70BE8C-B6D7-4A27-B585-196DEEB7115B}"
EndProject
Project("{FAE04EC0-301F-11D3-BF4B-00C04F79EFBC}") = "Entities", "Entities\Entities.csproj", "{6F5F5227-1119-443C-87A4-CAAA4E33FF68}"
EndProject
Project("{FAE04EC0-301F-11D3-BF4B-00C04F79EFBC}") = "Services", "Services\Services.csproj", "{C42C2D99-C206-4D9F-A96A-E7C1640BEB9B}"
EndProject
Project("{FAE04EC0-301F-11D3-BF4B-00C04F79EFBC}") = "ServiceContracts", "ServicesContracts\ServiceContracts.csproj", "{2D5352BD-4EAA-490A-8B91-0C37B0AA0CE7}"
EndProject
Global
	GlobalSection(SolutionConfigurationPlatforms) = preSolution
		Debug|Any CPU = Debug|Any CPU
		Release|Any CPU = Release|Any CPU
	EndGlobalSection
	GlobalSection(ProjectConfigurationPlatforms) = postSolution
		{6125611A-5555-49F4-801C-CE3D414457E4}.Debug|Any CPU.ActiveCfg = Debug|Any CPU
		{6125611A-5555-49F4-801C-CE3D414457E4}.Debug|Any CPU.Build.0 = Debug|Any CPU
		{6125611A-5555-49F4-801C-CE3D414457E4}.Release|Any CPU.ActiveCfg = Release|Any CPU
		{6125611A-5555-49F4-801C-CE3D414457E4}.Release|Any CPU.Build.0 = Release|Any CPU
		{EB70BE8C-B6D7-4A27-B585-196DEEB7115B}.Debug|Any CPU.ActiveCfg = Debug|Any CPU
		{EB70BE8C-B6D7-4A27-B585-196DEEB7115B}.Debug|Any CPU.Build.0 = Debug|Any CPU
		{EB70BE8C-B6D7-4A27-B585-196DEEB7115B}.Release|Any CPU.ActiveCfg = Release|Any CPU
		{EB70BE8C-B6D7-4A27-B585-196DEEB7115B}.Release|Any CPU.Build.0 = Release|Any CPU
		{6F5F5227-1119-443C-87A4-CAAA4E33FF68}.Debug|Any CPU.ActiveCfg = Debug|Any CPU
		{6F5F5227-1119-443C-87A4-CAAA4E33FF68}.Debug|Any CPU.Build.0 = Debug|Any CPU
		{6F5F5227-1119-443C-87A4-CAAA4E33FF68}.Release|Any CPU.ActiveCfg = Release|Any CPU
		{6F5F5227-1119-443C-87A4-CAAA4E33FF68}.Release|Any CPU.Build.0 = Release|Any CPU
		{C42C2D99-C206-4D9F-A96A-E7C1640BEB9B}.Debug|Any CPU.ActiveCfg = Debug|Any CPU
		{C42C2D99-C206-4D9F-A96A-E7C1640BEB9B}.Debug|Any CPU.Build.0 = Debug|Any CPU
		{C42C2D99-C206-4D9F-A96A-E7C1640BEB9B}.Release|Any CPU.ActiveCfg = Release|Any CPU
		{C42C2D99-C206-4D9F-A96A-E7C1640BEB9B}.Release|Any CPU.Build.0 = Release|Any CPU
		{2D5352BD-4EAA-490A-8B91-0C37B0AA0CE7}.Debug|Any CPU.ActiveCfg = Debug|Any CPU
		{2D5352BD-4EAA-490A-8B91-0C37B0AA0CE7}.Debug|Any CPU.Build.0 = Debug|Any CPU
		{2D5352BD-4EAA-490A-8B91-0C37B0AA0CE7}.Release|Any CPU.ActiveCfg = Release|Any CPU
		{2D5352BD-4EAA-490A-8B91-0C37B0AA0CE7}.Release|Any CPU.Build.0 = Release|Any CPU
	EndGlobalSection
	GlobalSection(SolutionProperties) = preSolution
		HideSolutionNode = FALSE
	EndGlobalSection
	GlobalSection(ExtensibilityGlobals) = postSolution
		SolutionGuid = {6DB5476B-3789-44E3-9E12-93093DD0B3E3}
	EndGlobalSection
EndGlobal
